
Microsoft Visual Studio Solution File, Format Version 12.00
Project("{FAE04EC0-301F-11D3-BF4B-00C04F79EFBC}") = "TestDDD", "TestDDD\TestDDD.csproj", "{9B91B03F-B095-452E-894C-60E7F200CB83}"
EndProject
Project("{2150E333-8FDC-42A3-9474-1A3956D46DE8}") = "test", "test", "{779DB9B0-1BE1-4291-AC76-0DB4EA7016CF}"
EndProject
Project("{FAE04EC0-301F-11D3-BF4B-00C04F79EFBC}") = "Store.IntegrationTests", "Store.IntegrationTests\Store.IntegrationTests.csproj", "{930FF703-19D7-4195-8B3B-A21EEB67C7BB}"
EndProject
Global
	GlobalSection(SolutionConfigurationPlatforms) = preSolution
		Debug|Any CPU = Debug|Any CPU
		Release|Any CPU = Release|Any CPU
	EndGlobalSection
	GlobalSection(ProjectConfigurationPlatforms) = postSolution
		{9B91B03F-B095-452E-894C-60E7F200CB83}.Debug|Any CPU.ActiveCfg = Debug|Any CPU
		{9B91B03F-B095-452E-894C-60E7F200CB83}.Debug|Any CPU.Build.0 = Debug|Any CPU
		{9B91B03F-B095-452E-894C-60E7F200CB83}.Release|Any CPU.ActiveCfg = Release|Any CPU
		{9B91B03F-B095-452E-894C-60E7F200CB83}.Release|Any CPU.Build.0 = Release|Any CPU
		{930FF703-19D7-4195-8B3B-A21EEB67C7BB}.Debug|Any CPU.ActiveCfg = Debug|Any CPU
		{930FF703-19D7-4195-8B3B-A21EEB67C7BB}.Debug|Any CPU.Build.0 = Debug|Any CPU
		{930FF703-19D7-4195-8B3B-A21EEB67C7BB}.Release|Any CPU.ActiveCfg = Release|Any CPU
		{930FF703-19D7-4195-8B3B-A21EEB67C7BB}.Release|Any CPU.Build.0 = Release|Any CPU
	EndGlobalSection
	GlobalSection(NestedProjects) = preSolution
		{930FF703-19D7-4195-8B3B-A21EEB67C7BB} = {779DB9B0-1BE1-4291-AC76-0DB4EA7016CF}
	EndGlobalSection
EndGlobal
